// !$*UTF8*$!
{
	archiveVersion = 1;
	classes = {
	};
	objectVersion = 56;
	objects = {

/* Begin PBXBuildFile section */
		83D88BD22A6DD31000494B78 /* Map_DiaryApp.swift in Sources */ = {isa = PBXBuildFile; fileRef = 83D88BD12A6DD31000494B78 /* Map_DiaryApp.swift */; };
		83D88BD42A6DD31000494B78 /* ContentView.swift in Sources */ = {isa = PBXBuildFile; fileRef = 83D88BD32A6DD31000494B78 /* ContentView.swift */; };
		83D88BD62A6DD31100494B78 /* Assets.xcassets in Resources */ = {isa = PBXBuildFile; fileRef = 83D88BD52A6DD31100494B78 /* Assets.xcassets */; };
		83D88BD92A6DD31100494B78 /* Preview Assets.xcassets in Resources */ = {isa = PBXBuildFile; fileRef = 83D88BD82A6DD31100494B78 /* Preview Assets.xcassets */; };
		83D88BE02A6DD37500494B78 /* model.swift in Sources */ = {isa = PBXBuildFile; fileRef = 83D88BDF2A6DD37500494B78 /* model.swift */; };
		83D88BE22A6DD42500494B78 /* MapView.swift in Sources */ = {isa = PBXBuildFile; fileRef = 83D88BE12A6DD42500494B78 /* MapView.swift */; };
		83D88BE52A6DDD3400494B78 /* NewLocationView.swift in Sources */ = {isa = PBXBuildFile; fileRef = 83D88BE42A6DDD3400494B78 /* NewLocationView.swift */; };
		83D88BE72A71AF6600494B78 /* MemoryView.swift in Sources */ = {isa = PBXBuildFile; fileRef = 83D88BE62A71AF6600494B78 /* MemoryView.swift */; };
/* End PBXBuildFile section */

/* Begin PBXFileReference section */
		83D88BCE2A6DD31000494B78 /* Map Diary.app */ = {isa = PBXFileReference; explicitFileType = wrapper.application; includeInIndex = 0; path = "Map Diary.app"; sourceTree = BUILT_PRODUCTS_DIR; };
		83D88BD12A6DD31000494B78 /* Map_DiaryApp.swift */ = {isa = PBXFileReference; lastKnownFileType = sourcecode.swift; path = Map_DiaryApp.swift; sourceTree = "<group>"; };
		83D88BD32A6DD31000494B78 /* ContentView.swift */ = {isa = PBXFileReference; lastKnownFileType = sourcecode.swift; path = ContentView.swift; sourceTree = "<group>"; };
		83D88BD52A6DD31100494B78 /* Assets.xcassets */ = {isa = PBXFileReference; lastKnownFileType = folder.assetcatalog; path = Assets.xcassets; sourceTree = "<group>"; };
		83D88BD82A6DD31100494B78 /* Preview Assets.xcassets */ = {isa = PBXFileReference; lastKnownFileType = folder.assetcatalog; path = "Preview Assets.xcassets"; sourceTree = "<group>"; };
		83D88BDF2A6DD37500494B78 /* model.swift */ = {isa = PBXFileReference; lastKnownFileType = sourcecode.swift; path = model.swift; sourceTree = "<group>"; };
		83D88BE12A6DD42500494B78 /* MapView.swift */ = {isa = PBXFileReference; lastKnownFileType = sourcecode.swift; path = MapView.swift; sourceTree = "<group>"; };
		83D88BE32A6DD77700494B78 /* Map-Diary-Info.plist */ = {isa = PBXFileReference; lastKnownFileType = text.plist; path = "Map-Diary-Info.plist"; sourceTree = SOURCE_ROOT; };
		83D88BE42A6DDD3400494B78 /* NewLocationView.swift */ = {isa = PBXFileReference; lastKnownFileType = sourcecode.swift; path = NewLocationView.swift; sourceTree = "<group>"; };
		83D88BE62A71AF6600494B78 /* MemoryView.swift */ = {isa = PBXFileReference; lastKnownFileType = sourcecode.swift; path = MemoryView.swift; sourceTree = "<group>"; };
/* End PBXFileReference section */

/* Begin PBXFrameworksBuildPhase section */
		83D88BCB2A6DD31000494B78 /* Frameworks */ = {
			isa = PBXFrameworksBuildPhase;
			buildActionMask = 2147483647;
			files = (
			);
			runOnlyForDeploymentPostprocessing = 0;
		};
/* End PBXFrameworksBuildPhase section */

/* Begin PBXGroup section */
		83D88BC52A6DD31000494B78 = {
			isa = PBXGroup;
			children = (
				83D88BD02A6DD31000494B78 /* Map Diary */,
				83D88BCF2A6DD31000494B78 /* Products */,
			);
			sourceTree = "<group>";
		};
		83D88BCF2A6DD31000494B78 /* Products */ = {
			isa = PBXGroup;
			children = (
				83D88BCE2A6DD31000494B78 /* Map Diary.app */,
			);
			name = Products;
			sourceTree = "<group>";
		};
		83D88BD02A6DD31000494B78 /* Map Diary */ = {
			isa = PBXGroup;
			children = (
				83D88BE32A6DD77700494B78 /* Map-Diary-Info.plist */,
				83D88BD12A6DD31000494B78 /* Map_DiaryApp.swift */,
				83D88BD32A6DD31000494B78 /* ContentView.swift */,
				83D88BE42A6DDD3400494B78 /* NewLocationView.swift */,
				83D88BDF2A6DD37500494B78 /* model.swift */,
				83D88BE62A71AF6600494B78 /* MemoryView.swift */,
				83D88BE12A6DD42500494B78 /* MapView.swift */,
				83D88BD52A6DD31100494B78 /* Assets.xcassets */,
				83D88BD72A6DD31100494B78 /* Preview Content */,
			);
			path = "Map Diary";
			sourceTree = "<group>";
		};
		83D88BD72A6DD31100494B78 /* Preview Content */ = {
			isa = PBXGroup;
			children = (
				83D88BD82A6DD31100494B78 /* Preview Assets.xcassets */,
			);
			path = "Preview Content";
			sourceTree = "<group>";
		};
/* End PBXGroup section */

/* Begin PBXNativeTarget section */
		83D88BCD2A6DD31000494B78 /* Map Diary */ = {
			isa = PBXNativeTarget;
			buildConfigurationList = 83D88BDC2A6DD31100494B78 /* Build configuration list for PBXNativeTarget "Map Diary" */;
			buildPhases = (
				83D88BCA2A6DD31000494B78 /* Sources */,
				83D88BCB2A6DD31000494B78 /* Frameworks */,
				83D88BCC2A6DD31000494B78 /* Resources */,
			);
			buildRules = (
			);
			dependencies = (
			);
			name = "Map Diary";
			productName = "Map Diary";
			productReference = 83D88BCE2A6DD31000494B78 /* Map Diary.app */;
			productType = "com.apple.product-type.application";
		};
/* End PBXNativeTarget section */

/* Begin PBXProject section */
		83D88BC62A6DD31000494B78 /* Project object */ = {
			isa = PBXProject;
			attributes = {
				BuildIndependentTargetsInParallel = 1;
				LastSwiftUpdateCheck = 1420;
				LastUpgradeCheck = 1420;
				TargetAttributes = {
					83D88BCD2A6DD31000494B78 = {
						CreatedOnToolsVersion = 14.2;
					};
				};
			};
			buildConfigurationList = 83D88BC92A6DD31000494B78 /* Build configuration list for PBXProject "Map Diary" */;
			compatibilityVersion = "Xcode 14.0";
			developmentRegion = en;
			hasScannedForEncodings = 0;
			knownRegions = (
				en,
				Base,
			);
			mainGroup = 83D88BC52A6DD31000494B78;
			productRefGroup = 83D88BCF2A6DD31000494B78 /* Products */;
			projectDirPath = "";
			projectRoot = "";
			targets = (
				83D88BCD2A6DD31000494B78 /* Map Diary */,
			);
		};
/* End PBXProject section */

/* Begin PBXResourcesBuildPhase section */
		83D88BCC2A6DD31000494B78 /* Resources */ = {
			isa = PBXResourcesBuildPhase;
			buildActionMask = 2147483647;
			files = (
				83D88BD92A6DD31100494B78 /* Preview Assets.xcassets in Resources */,
				83D88BD62A6DD31100494B78 /* Assets.xcassets in Resources */,
			);
			runOnlyForDeploymentPostprocessing = 0;
		};
/* End PBXResourcesBuildPhase section */

/* Begin PBXSourcesBuildPhase section */
		83D88BCA2A6DD31000494B78 /* Sources */ = {
			isa = PBXSourcesBuildPhase;
			buildActionMask = 2147483647;
			files = (
				83D88BD42A6DD31000494B78 /* ContentView.swift in Sources */,
				83D88BE52A6DDD3400494B78 /* NewLocationView.swift in Sources */,
				83D88BE22A6DD42500494B78 /* MapView.swift in Sources */,
				83D88BE72A71AF6600494B78 /* MemoryView.swift in Sources */,
				83D88BE02A6DD37500494B78 /* model.swift in Sources */,
				83D88BD22A6DD31000494B78 /* Map_DiaryApp.swift in Sources */,
			);
			runOnlyForDeploymentPostprocessing = 0;
		};
/* End PBXSourcesBuildPhase section */

/* Begin XCBuildConfiguration section */
		83D88BDA2A6DD31100494B78 /* Debug */ = {
			isa = XCBuildConfiguration;
			buildSettings = {
				ALWAYS_SEARCH_USER_PATHS = NO;
				CLANG_ANALYZER_NONNULL = YES;
				CLANG_ANALYZER_NUMBER_OBJECT_CONVERSION = YES_AGGRESSIVE;
				CLANG_CXX_LANGUAGE_STANDARD = "gnu++20";
				CLANG_ENABLE_MODULES = YES;
				CLANG_ENABLE_OBJC_ARC = YES;
				CLANG_ENABLE_OBJC_WEAK = YES;
				CLANG_WARN_BLOCK_CAPTURE_AUTORELEASING = YES;
				CLANG_WARN_BOOL_CONVERSION = YES;
				CLANG_WARN_COMMA = YES;
				CLANG_WARN_CONSTANT_CONVERSION = YES;
				CLANG_WARN_DEPRECATED_OBJC_IMPLEMENTATIONS = YES;
				CLANG_WARN_DIRECT_OBJC_ISA_USAGE = YES_ERROR;
				CLANG_WARN_DOCUMENTATION_COMMENTS = YES;
				CLANG_WARN_EMPTY_BODY = YES;
				CLANG_WARN_ENUM_CONVERSION = YES;
				CLANG_WARN_INFINITE_RECURSION = YES;
				CLANG_WARN_INT_CONVERSION = YES;
				CLANG_WARN_NON_LITERAL_NULL_CONVERSION = YES;
				CLANG_WARN_OBJC_IMPLICIT_RETAIN_SELF = YES;
				CLANG_WARN_OBJC_LITERAL_CONVERSION = YES;
				CLANG_WARN_OBJC_ROOT_CLASS = YES_ERROR;
				CLANG_WARN_QUOTED_INCLUDE_IN_FRAMEWORK_HEADER = YES;
				CLANG_WARN_RANGE_LOOP_ANALYSIS = YES;
				CLANG_WARN_STRICT_PROTOTYPES = YES;
				CLANG_WARN_SUSPICIOUS_MOVE = YES;
				CLANG_WARN_UNGUARDED_AVAILABILITY = YES_AGGRESSIVE;
				CLANG_WARN_UNREACHABLE_CODE = YES;
				CLANG_WARN__DUPLICATE_METHOD_MATCH = YES;
				COPY_PHASE_STRIP = NO;
				DEBUG_INFORMATION_FORMAT = dwarf;
				ENABLE_STRICT_OBJC_MSGSEND = YES;
				ENABLE_TESTABILITY = YES;
				GCC_C_LANGUAGE_STANDARD = gnu11;
				GCC_DYNAMIC_NO_PIC = NO;
				GCC_NO_COMMON_BLOCKS = YES;
				GCC_OPTIMIZATION_LEVEL = 0;
				GCC_PREPROCESSOR_DEFINITIONS = (
					"DEBUG=1",
					"$(inherited)",
				);
				GCC_WARN_64_TO_32_BIT_CONVERSION = YES;
				GCC_WARN_ABOUT_RETURN_TYPE = YES_ERROR;
				GCC_WARN_UNDECLARED_SELECTOR = YES;
				GCC_WARN_UNINITIALIZED_AUTOS = YES_AGGRESSIVE;
				GCC_WARN_UNUSED_FUNCTION = YES;
				GCC_WARN_UNUSED_VARIABLE = YES;
				IPHONEOS_DEPLOYMENT_TARGET = 16.2;
				MTL_ENABLE_DEBUG_INFO = INCLUDE_SOURCE;
				MTL_FAST_MATH = YES;
				ONLY_ACTIVE_ARCH = YES;
				SDKROOT = iphoneos;
				SWIFT_ACTIVE_COMPILATION_CONDITIONS = DEBUG;
				SWIFT_OPTIMIZATION_LEVEL = "-Onone";
			};
			name = Debug;
		};
		83D88BDB2A6DD31100494B78 /* Release */ = {
			isa = XCBuildConfiguration;
			buildSettings = {
				ALWAYS_SEARCH_USER_PATHS = NO;
				CLANG_ANALYZER_NONNULL = YES;
				CLANG_ANALYZER_NUMBER_OBJECT_CONVERSION = YES_AGGRESSIVE;
				CLANG_CXX_LANGUAGE_STANDARD = "gnu++20";
				CLANG_ENABLE_MODULES = YES;
				CLANG_ENABLE_OBJC_ARC = YES;
				CLANG_ENABLE_OBJC_WEAK = YES;
				CLANG_WARN_BLOCK_CAPTURE_AUTORELEASING = YES;
				CLANG_WARN_BOOL_CONVERSION = YES;
				CLANG_WARN_COMMA = YES;
				CLANG_WARN_CONSTANT_CONVERSION = YES;
				CLANG_WARN_DEPRECATED_OBJC_IMPLEMENTATIONS = YES;
				CLANG_WARN_DIRECT_OBJC_ISA_USAGE = YES_ERROR;
				CLANG_WARN_DOCUMENTATION_COMMENTS = YES;
				CLANG_WARN_EMPTY_BODY = YES;
				CLANG_WARN_ENUM_CONVERSION = YES;
				CLANG_WARN_INFINITE_RECURSION = YES;
				CLANG_WARN_INT_CONVERSION = YES;
				CLANG_WARN_NON_LITERAL_NULL_CONVERSION = YES;
				CLANG_WARN_OBJC_IMPLICIT_RETAIN_SELF = YES;
				CLANG_WARN_OBJC_LITERAL_CONVERSION = YES;
				CLANG_WARN_OBJC_ROOT_CLASS = YES_ERROR;
				CLANG_WARN_QUOTED_INCLUDE_IN_FRAMEWORK_HEADER = YES;
				CLANG_WARN_RANGE_LOOP_ANALYSIS = YES;
				CLANG_WARN_STRICT_PROTOTYPES = YES;
				CLANG_WARN_SUSPICIOUS_MOVE = YES;
				CLANG_WARN_UNGUARDED_AVAILABILITY = YES_AGGRESSIVE;
				CLANG_WARN_UNREACHABLE_CODE = YES;
				CLANG_WARN__DUPLICATE_METHOD_MATCH = YES;
				COPY_PHASE_STRIP = NO;
				DEBUG_INFORMATION_FORMAT = "dwarf-with-dsym";
				ENABLE_NS_ASSERTIONS = NO;
				ENABLE_STRICT_OBJC_MSGSEND = YES;
				GCC_C_LANGUAGE_STANDARD = gnu11;
				GCC_NO_COMMON_BLOCKS = YES;
				GCC_WARN_64_TO_32_BIT_CONVERSION = YES;
				GCC_WARN_ABOUT_RETURN_TYPE = YES_ERROR;
				GCC_WARN_UNDECLARED_SELECTOR = YES;
				GCC_WARN_UNINITIALIZED_AUTOS = YES_AGGRESSIVE;
				GCC_WARN_UNUSED_FUNCTION = YES;
				GCC_WARN_UNUSED_VARIABLE = YES;
				IPHONEOS_DEPLOYMENT_TARGET = 16.2;
				MTL_ENABLE_DEBUG_INFO = NO;
				MTL_FAST_MATH = YES;
				SDKROOT = iphoneos;
				SWIFT_COMPILATION_MODE = wholemodule;
				SWIFT_OPTIMIZATION_LEVEL = "-O";
				VALIDATE_PRODUCT = YES;
			};
			name = Release;
		};
		83D88BDD2A6DD31100494B78 /* Debug */ = {
			isa = XCBuildConfiguration;
			buildSettings = {
				ASSETCATALOG_COMPILER_APPICON_NAME = AppIcon;
				ASSETCATALOG_COMPILER_GLOBAL_ACCENT_COLOR_NAME = AccentColor;
				CODE_SIGN_STYLE = Automatic;
				CURRENT_PROJECT_VERSION = 1;
				DEVELOPMENT_ASSET_PATHS = "\"Map Diary/Preview Content\"";
				ENABLE_PREVIEWS = YES;
				GENERATE_INFOPLIST_FILE = YES;
				INFOPLIST_FILE = "Map-Diary-Info.plist";
				INFOPLIST_KEY_NSLocationWhenInUseUsageDescription = "Please Allow Location";
				INFOPLIST_KEY_UIApplicationSceneManifest_Generation = YES;
				INFOPLIST_KEY_UIApplicationSupportsIndirectInputEvents = YES;
				INFOPLIST_KEY_UILaunchScreen_Generation = YES;
				INFOPLIST_KEY_UISupportedInterfaceOrientations_iPad = "UIInterfaceOrientationPortrait UIInterfaceOrientationPortraitUpsideDown UIInterfaceOrientationLandscapeLeft UIInterfaceOrientationLandscapeRight";
				INFOPLIST_KEY_UISupportedInterfaceOrientations_iPhone = "UIInterfaceOrientationPortrait UIInterfaceOrientationLandscapeLeft UIInterfaceOrientationLandscapeRight";
				LD_RUNPATH_SEARCH_PATHS = (
					"$(inherited)",
					"@executable_path/Frameworks",
				);
				MARKETING_VERSION = 1.0;
				PRODUCT_BUNDLE_IDENTIFIER = "Personal.Map-Diary";
				PRODUCT_NAME = "$(TARGET_NAME)";
				SWIFT_EMIT_LOC_STRINGS = YES;
				SWIFT_VERSION = 5.0;
				TARGETED_DEVICE_FAMILY = "1,2";
			};
			name = Debug;
		};
		83D88BDE2A6DD31100494B78 /* Release */ = {
			isa = XCBuildConfiguration;
			buildSettings = {
				ASSETCATALOG_COMPILER_APPICON_NAME = AppIcon;
				ASSETCATALOG_COMPILER_GLOBAL_ACCENT_COLOR_NAME = AccentColor;
				CODE_SIGN_STYLE = Automatic;
				CURRENT_PROJECT_VERSION = 1;
				DEVELOPMENT_ASSET_PATHS = "\"Map Diary/Preview Content\"";
				ENABLE_PREVIEWS = YES;
				GENERATE_INFOPLIST_FILE = YES;
				INFOPLIST_FILE = "Map-Diary-Info.plist";
				INFOPLIST_KEY_NSLocationWhenInUseUsageDescription = "Please Allow Location";
				INFOPLIST_KEY_UIApplicationSceneManifest_Generation = YES;
				INFOPLIST_KEY_UIApplicationSupportsIndirectInputEvents = YES;
				INFOPLIST_KEY_UILaunchScreen_Generation = YES;
				INFOPLIST_KEY_UISupportedInterfaceOrientations_iPad = "UIInterfaceOrientationPortrait UIInterfaceOrientationPortraitUpsideDown UIInterfaceOrientationLandscapeLeft UIInterfaceOrientationLandscapeRight";
				INFOPLIST_KEY_UISupportedInterfaceOrientations_iPhone = "UIInterfaceOrientationPortrait UIInterfaceOrientationLandscapeLeft UIInterfaceOrientationLandscapeRight";
				LD_RUNPATH_SEARCH_PATHS = (
					"$(inherited)",
					"@executable_path/Frameworks",
				);
				MARKETING_VERSION = 1.0;
				PRODUCT_BUNDLE_IDENTIFIER = "Personal.Map-Diary";
				PRODUCT_NAME = "$(TARGET_NAME)";
				SWIFT_EMIT_LOC_STRINGS = YES;
				SWIFT_VERSION = 5.0;
				TARGETED_DEVICE_FAMILY = "1,2";
			};
			name = Release;
		};
/* End XCBuildConfiguration section */

/* Begin XCConfigurationList section */
		83D88BC92A6DD31000494B78 /* Build configuration list for PBXProject "Map Diary" */ = {
			isa = XCConfigurationList;
			buildConfigurations = (
				83D88BDA2A6DD31100494B78 /* Debug */,
				83D88BDB2A6DD31100494B78 /* Release */,
			);
			defaultConfigurationIsVisible = 0;
			defaultConfigurationName = Release;
		};
		83D88BDC2A6DD31100494B78 /* Build configuration list for PBXNativeTarget "Map Diary" */ = {
			isa = XCConfigurationList;
			buildConfigurations = (
				83D88BDD2A6DD31100494B78 /* Debug */,
				83D88BDE2A6DD31100494B78 /* Release */,
			);
			defaultConfigurationIsVisible = 0;
			defaultConfigurationName = Release;
		};
/* End XCConfigurationList section */
	};
	rootObject = 83D88BC62A6DD31000494B78 /* Project object */;
}
